Microsoft Visual Studio Solution File, Format Version 12.00
# Visual Studio Version 17
VisualStudioVersion = 17.5.2.0
MinimumVisualStudioVersion = 10.0.40219.1
Project("{FAE04EC0-301F-11D3-BF4B-00C04F79EFBC}") = "GesvenApi", "GesvenApi\GesvenApi.csproj", "{14B5D824-DFC9-255D-9953-6A1E3EE78162}"
EndProject
Global
	GlobalSection(SolutionConfigurationPlatforms) = preSolution
		Debug|Any CPU = Debug|Any CPU
		Release|Any CPU = Release|Any CPU
	EndGlobalSection
	GlobalSection(ProjectConfigurationPlatforms) = postSolution
		{14B5D824-DFC9-255D-9953-6A1E3EE78162}.Debug|Any CPU.ActiveCfg = Debug|Any CPU
		{14B5D824-DFC9-255D-9953-6A1E3EE78162}.Debug|Any CPU.Build.0 = Debug|Any CPU
		{14B5D824-DFC9-255D-9953-6A1E3EE78162}.Release|Any CPU.ActiveCfg = Release|Any CPU
		{14B5D824-DFC9-255D-9953-6A1E3EE78162}.Release|Any CPU.Build.0 = Release|Any CPU
	EndGlobalSection
	GlobalSection(SolutionProperties) = preSolution
		HideSolutionNode = FALSE
	EndGlobalSection
	GlobalSection(ExtensibilityGlobals) = postSolution
		SolutionGuid = {C91002B5-FF16-4718-B4E0-B16231AAEBDF}
	EndGlobalSection
EndGlobal
